
Microsoft Visual Studio Solution File, Format Version 12.00
# Visual Studio 15
VisualStudioVersion = 15.0.28307.1000
MinimumVisualStudioVersion = 10.0.40219.1
Project("{888888A0-9F3D-457C-B088-3A5042F75D52}") = "ResumeSearch", "ResumeSearch\ResumeSearch.pyproj", "{4EAA1AF3-11E8-4FC4-8B4F-729281F2DE1A}"
EndProject
Global
	GlobalSection(SolutionConfigurationPlatforms) = preSolution
		Debug|Any CPU = Debug|Any CPU
		Release|Any CPU = Release|Any CPU
	EndGlobalSection
	GlobalSection(ProjectConfigurationPlatforms) = postSolution
		{4EAA1AF3-11E8-4FC4-8B4F-729281F2DE1A}.Debug|Any CPU.ActiveCfg = Debug|Any CPU
		{4EAA1AF3-11E8-4FC4-8B4F-729281F2DE1A}.Release|Any CPU.ActiveCfg = Release|Any CPU
	EndGlobalSection
	GlobalSection(SolutionProperties) = preSolution
		HideSolutionNode = FALSE
	EndGlobalSection
	GlobalSection(ExtensibilityGlobals) = postSolution
		SolutionGuid = {9ADBB795-9004-4F52-AACB-BEDDAC41DAF5}
	EndGlobalSection
EndGlobal
